
Microsoft Visual Studio Solution File, Format Version 12.00
# Visual Studio Version 17
VisualStudioVersion = 17.4.33213.308
MinimumVisualStudioVersion = 10.0.40219.1
Project("{9A19103F-16F7-4668-BE54-9A1E7A4F7556}") = "CompArch", "CompArch\CompArch.csproj", "{C283E207-C2E7-45EE-A98E-35DE9C0A372C}"
EndProject
Global
	GlobalSection(SolutionConfigurationPlatforms) = preSolution
		Debug|Any CPU = Debug|Any CPU
		Release|Any CPU = Release|Any CPU
	EndGlobalSection
	GlobalSection(ProjectConfigurationPlatforms) = postSolution
		{C283E207-C2E7-45EE-A98E-35DE9C0A372C}.Debug|Any CPU.ActiveCfg = Debug|Any CPU
		{C283E207-C2E7-45EE-A98E-35DE9C0A372C}.Debug|Any CPU.Build.0 = Debug|Any CPU
		{C283E207-C2E7-45EE-A98E-35DE9C0A372C}.Release|Any CPU.ActiveCfg = Release|Any CPU
		{C283E207-C2E7-45EE-A98E-35DE9C0A372C}.Release|Any CPU.Build.0 = Release|Any CPU
	EndGlobalSection
	GlobalSection(SolutionProperties) = preSolution
		HideSolutionNode = FALSE
	EndGlobalSection
	GlobalSection(ExtensibilityGlobals) = postSolution
		SolutionGuid = {060647BD-8681-4D0E-BF88-D06DA1592463}
	EndGlobalSection
EndGlobal
